
Microsoft Visual Studio Solution File, Format Version 12.00
# Visual Studio Version 17
VisualStudioVersion = 17.0.31903.59
MinimumVisualStudioVersion = 10.0.40219.1
Project("{FAE04EC0-301F-11D3-BF4B-00C04F79EFBC}") = "DAL", "DAL\DAL.csproj", "{A5DC17FF-DAE8-43FF-8463-053CA750EFAE}"
EndProject
Project("{FAE04EC0-301F-11D3-BF4B-00C04F79EFBC}") = "BOL", "BOL\BOL.csproj", "{A5F639AA-738D-44DD-B129-8B2598D12BD8}"
EndProject
Project("{FAE04EC0-301F-11D3-BF4B-00C04F79EFBC}") = "BLL", "BLL\BLL.csproj", "{F38AEEAF-590B-44B7-9EE0-49D53C8BB669}"
EndProject
Project("{FAE04EC0-301F-11D3-BF4B-00C04F79EFBC}") = "ECommerce", "ECommerce\ECommerce.csproj", "{D5E288F7-5E24-4E89-ABB6-7E67752F7039}"
EndProject
Global
	GlobalSection(SolutionConfigurationPlatforms) = preSolution
		Debug|Any CPU = Debug|Any CPU
		Release|Any CPU = Release|Any CPU
	EndGlobalSection
	GlobalSection(SolutionProperties) = preSolution
		HideSolutionNode = FALSE
	EndGlobalSection
	GlobalSection(ProjectConfigurationPlatforms) = postSolution
		{A5DC17FF-DAE8-43FF-8463-053CA750EFAE}.Debug|Any CPU.ActiveCfg = Debug|Any CPU
		{A5DC17FF-DAE8-43FF-8463-053CA750EFAE}.Debug|Any CPU.Build.0 = Debug|Any CPU
		{A5DC17FF-DAE8-43FF-8463-053CA750EFAE}.Release|Any CPU.ActiveCfg = Release|Any CPU
		{A5DC17FF-DAE8-43FF-8463-053CA750EFAE}.Release|Any CPU.Build.0 = Release|Any CPU
		{A5F639AA-738D-44DD-B129-8B2598D12BD8}.Debug|Any CPU.ActiveCfg = Debug|Any CPU
		{A5F639AA-738D-44DD-B129-8B2598D12BD8}.Debug|Any CPU.Build.0 = Debug|Any CPU
		{A5F639AA-738D-44DD-B129-8B2598D12BD8}.Release|Any CPU.ActiveCfg = Release|Any CPU
		{A5F639AA-738D-44DD-B129-8B2598D12BD8}.Release|Any CPU.Build.0 = Release|Any CPU
		{F38AEEAF-590B-44B7-9EE0-49D53C8BB669}.Debug|Any CPU.ActiveCfg = Debug|Any CPU
		{F38AEEAF-590B-44B7-9EE0-49D53C8BB669}.Debug|Any CPU.Build.0 = Debug|Any CPU
		{F38AEEAF-590B-44B7-9EE0-49D53C8BB669}.Release|Any CPU.ActiveCfg = Release|Any CPU
		{F38AEEAF-590B-44B7-9EE0-49D53C8BB669}.Release|Any CPU.Build.0 = Release|Any CPU
		{D5E288F7-5E24-4E89-ABB6-7E67752F7039}.Debug|Any CPU.ActiveCfg = Debug|Any CPU
		{D5E288F7-5E24-4E89-ABB6-7E67752F7039}.Debug|Any CPU.Build.0 = Debug|Any CPU
		{D5E288F7-5E24-4E89-ABB6-7E67752F7039}.Release|Any CPU.ActiveCfg = Release|Any CPU
		{D5E288F7-5E24-4E89-ABB6-7E67752F7039}.Release|Any CPU.Build.0 = Release|Any CPU
	EndGlobalSection
EndGlobal
